
Microsoft Visual Studio Solution File, Format Version 12.00
# Visual Studio Version 17
VisualStudioVersion = 17.5.33424.131
MinimumVisualStudioVersion = 10.0.40219.1
Project("{9A19103F-16F7-4668-BE54-9A1E7A4F7556}") = "eAgendaMedica.WebAPI", "eAgendaMedica.WebAPI\eAgendaMedica.WebAPI.csproj", "{DFC296CF-3281-46F5-98D5-B718622A37C3}"
EndProject
Project("{2150E333-8FDC-42A3-9474-1A3956D46DE8}") = "1-Distribuicao", "1-Distribuicao", "{D0C9680E-2234-482D-8A40-793F9B42D18E}"
EndProject
Project("{2150E333-8FDC-42A3-9474-1A3956D46DE8}") = "2-Aplicacao", "2-Aplicacao", "{F0CE949B-B491-45E4-93EE-65DEC0F8B4C8}"
EndProject
Project("{2150E333-8FDC-42A3-9474-1A3956D46DE8}") = "3-Dominio", "3-Dominio", "{3E77A340-5067-4808-94A1-5C27B2E6512E}"
EndProject
Project("{2150E333-8FDC-42A3-9474-1A3956D46DE8}") = "4-Infra", "4-Infra", "{3ADC8BEB-A176-4044-88DB-B3AEFC1CAF2A}"
EndProject
Project("{2150E333-8FDC-42A3-9474-1A3956D46DE8}") = "5-Testes", "5-Testes", "{9884F0EB-F078-40DF-A489-D4D597AB117B}"
EndProject
Project("{2150E333-8FDC-42A3-9474-1A3956D46DE8}") = "Banco De Dados", "Banco De Dados", "{340056D3-D2BB-45AE-A141-F6959DFFD50F}"
EndProject
Project("{2150E333-8FDC-42A3-9474-1A3956D46DE8}") = "Orm", "Orm", "{8BB3124F-DF74-4C2A-A01B-2392F4503AAF}"
EndProject
Project("{2150E333-8FDC-42A3-9474-1A3956D46DE8}") = "4.1-Testes Unitarios", "4.1-Testes Unitarios", "{53A903F0-9D92-42A3-AA64-D8EC41F62B42}"
EndProject
Project("{2150E333-8FDC-42A3-9474-1A3956D46DE8}") = "4.2-Testes de Integracao", "4.2-Testes de Integracao", "{02DB47C0-D02D-48AE-B1FE-2A96247727A3}"
EndProject
Project("{9A19103F-16F7-4668-BE54-9A1E7A4F7556}") = "eAgendaMedica.Aplicacao", "eAgendaMedica.Aplicacao\eAgendaMedica.Aplicacao.csproj", "{B5E5B5AF-4E4F-4BAD-B0B0-8F216B7E3630}"
EndProject
Project("{9A19103F-16F7-4668-BE54-9A1E7A4F7556}") = "eAgendaMedica.Dominio", "eAgenda.Dominio\eAgendaMedica.Dominio.csproj", "{BE39549C-6D4C-4B5D-A764-E77F4B026207}"
EndProject
Project("{9A19103F-16F7-4668-BE54-9A1E7A4F7556}") = "eAgendaMedica.Infra.Orm", "eAgenda.Infra.Orm\eAgendaMedica.Infra.Orm.csproj", "{1E11839F-3888-42AA-8D6C-350B06A7F03A}"
EndProject
Project("{9A19103F-16F7-4668-BE54-9A1E7A4F7556}") = "eAgendaMedica.Dominio.Test", "TestProject1\eAgendaMedica.Dominio.Test.csproj", "{D424D090-586E-4BC3-80B9-5008138E70D3}"
EndProject
Project("{9A19103F-16F7-4668-BE54-9A1E7A4F7556}") = "eAgendaMedica.Infra.Orm.Test", "eAgendaMedica.Infra.Orm.Test\eAgendaMedica.Infra.Orm.Test.csproj", "{2EB9346B-36D8-4FA4-9742-D6028F627359}"
EndProject
Global
	GlobalSection(SolutionConfigurationPlatforms) = preSolution
		Debug|Any CPU = Debug|Any CPU
		Release|Any CPU = Release|Any CPU
	EndGlobalSection
	GlobalSection(ProjectConfigurationPlatforms) = postSolution
		{DFC296CF-3281-46F5-98D5-B718622A37C3}.Debug|Any CPU.ActiveCfg = Debug|Any CPU
		{DFC296CF-3281-46F5-98D5-B718622A37C3}.Debug|Any CPU.Build.0 = Debug|Any CPU
		{DFC296CF-3281-46F5-98D5-B718622A37C3}.Release|Any CPU.ActiveCfg = Release|Any CPU
		{DFC296CF-3281-46F5-98D5-B718622A37C3}.Release|Any CPU.Build.0 = Release|Any CPU
		{B5E5B5AF-4E4F-4BAD-B0B0-8F216B7E3630}.Debug|Any CPU.ActiveCfg = Debug|Any CPU
		{B5E5B5AF-4E4F-4BAD-B0B0-8F216B7E3630}.Debug|Any CPU.Build.0 = Debug|Any CPU
		{B5E5B5AF-4E4F-4BAD-B0B0-8F216B7E3630}.Release|Any CPU.ActiveCfg = Release|Any CPU
		{B5E5B5AF-4E4F-4BAD-B0B0-8F216B7E3630}.Release|Any CPU.Build.0 = Release|Any CPU
		{BE39549C-6D4C-4B5D-A764-E77F4B026207}.Debug|Any CPU.ActiveCfg = Debug|Any CPU
		{BE39549C-6D4C-4B5D-A764-E77F4B026207}.Debug|Any CPU.Build.0 = Debug|Any CPU
		{BE39549C-6D4C-4B5D-A764-E77F4B026207}.Release|Any CPU.ActiveCfg = Release|Any CPU
		{BE39549C-6D4C-4B5D-A764-E77F4B026207}.Release|Any CPU.Build.0 = Release|Any CPU
		{1E11839F-3888-42AA-8D6C-350B06A7F03A}.Debug|Any CPU.ActiveCfg = Debug|Any CPU
		{1E11839F-3888-42AA-8D6C-350B06A7F03A}.Debug|Any CPU.Build.0 = Debug|Any CPU
		{1E11839F-3888-42AA-8D6C-350B06A7F03A}.Release|Any CPU.ActiveCfg = Release|Any CPU
		{1E11839F-3888-42AA-8D6C-350B06A7F03A}.Release|Any CPU.Build.0 = Release|Any CPU
		{D424D090-586E-4BC3-80B9-5008138E70D3}.Debug|Any CPU.ActiveCfg = Debug|Any CPU
		{D424D090-586E-4BC3-80B9-5008138E70D3}.Debug|Any CPU.Build.0 = Debug|Any CPU
		{D424D090-586E-4BC3-80B9-5008138E70D3}.Release|Any CPU.ActiveCfg = Release|Any CPU
		{D424D090-586E-4BC3-80B9-5008138E70D3}.Release|Any CPU.Build.0 = Release|Any CPU
		{2EB9346B-36D8-4FA4-9742-D6028F627359}.Debug|Any CPU.ActiveCfg = Debug|Any CPU
		{2EB9346B-36D8-4FA4-9742-D6028F627359}.Debug|Any CPU.Build.0 = Debug|Any CPU
		{2EB9346B-36D8-4FA4-9742-D6028F627359}.Release|Any CPU.ActiveCfg = Release|Any CPU
		{2EB9346B-36D8-4FA4-9742-D6028F627359}.Release|Any CPU.Build.0 = Release|Any CPU
	EndGlobalSection
	GlobalSection(SolutionProperties) = preSolution
		HideSolutionNode = FALSE
	EndGlobalSection
	GlobalSection(NestedProjects) = preSolution
		{DFC296CF-3281-46F5-98D5-B718622A37C3} = {D0C9680E-2234-482D-8A40-793F9B42D18E}
		{340056D3-D2BB-45AE-A141-F6959DFFD50F} = {3ADC8BEB-A176-4044-88DB-B3AEFC1CAF2A}
		{8BB3124F-DF74-4C2A-A01B-2392F4503AAF} = {340056D3-D2BB-45AE-A141-F6959DFFD50F}
		{53A903F0-9D92-42A3-AA64-D8EC41F62B42} = {9884F0EB-F078-40DF-A489-D4D597AB117B}
		{02DB47C0-D02D-48AE-B1FE-2A96247727A3} = {9884F0EB-F078-40DF-A489-D4D597AB117B}
		{B5E5B5AF-4E4F-4BAD-B0B0-8F216B7E3630} = {F0CE949B-B491-45E4-93EE-65DEC0F8B4C8}
		{BE39549C-6D4C-4B5D-A764-E77F4B026207} = {3E77A340-5067-4808-94A1-5C27B2E6512E}
		{1E11839F-3888-42AA-8D6C-350B06A7F03A} = {8BB3124F-DF74-4C2A-A01B-2392F4503AAF}
		{D424D090-586E-4BC3-80B9-5008138E70D3} = {53A903F0-9D92-42A3-AA64-D8EC41F62B42}
		{2EB9346B-36D8-4FA4-9742-D6028F627359} = {02DB47C0-D02D-48AE-B1FE-2A96247727A3}
	EndGlobalSection
	GlobalSection(ExtensibilityGlobals) = postSolution
		SolutionGuid = {9CEDE9A1-7843-4262-B4BE-A118428C71E7}
	EndGlobalSection
EndGlobal
